// !$*UTF8*$!
{
	archiveVersion = 1;
	classes = {
	};
	objectVersion = 56;
	objects = {

/* Begin PBXBuildFile section */
		633C33D62B6906F300FE9A52 /* Ingredient.swift in Sources */ = {isa = PBXBuildFile; fileRef = 633C33D52B6906F300FE9A52 /* Ingredient.swift */; };
		6364523C2B90B4460005B33C /* IngredientsViewModel.swift in Sources */ = {isa = PBXBuildFile; fileRef = 6364523B2B90B4460005B33C /* IngredientsViewModel.swift */; };
		6369167E2B5FC61C00409F41 /* YummiApp.swift in Sources */ = {isa = PBXBuildFile; fileRef = 6369167D2B5FC61C00409F41 /* YummiApp.swift */; };
		636916822B5FC62000409F41 /* Assets.xcassets in Resources */ = {isa = PBXBuildFile; fileRef = 636916812B5FC62000409F41 /* Assets.xcassets */; };
		636916852B5FC62000409F41 /* Preview Assets.xcassets in Resources */ = {isa = PBXBuildFile; fileRef = 636916842B5FC62000409F41 /* Preview Assets.xcassets */; };
		6369168F2B5FC62000409F41 /* YummiTests.swift in Sources */ = {isa = PBXBuildFile; fileRef = 6369168E2B5FC62000409F41 /* YummiTests.swift */; };
		636916992B5FC62000409F41 /* YummiUITests.swift in Sources */ = {isa = PBXBuildFile; fileRef = 636916982B5FC62000409F41 /* YummiUITests.swift */; };
		6369169B2B5FC62000409F41 /* YummiUITestsLaunchTests.swift in Sources */ = {isa = PBXBuildFile; fileRef = 6369169A2B5FC62000409F41 /* YummiUITestsLaunchTests.swift */; };
		6388A4182B877E110043DFC8 /* IngredientsView.swift in Sources */ = {isa = PBXBuildFile; fileRef = 6388A4172B877E100043DFC8 /* IngredientsView.swift */; };
		6388A41A2B877E900043DFC8 /* ContentView.swift in Sources */ = {isa = PBXBuildFile; fileRef = 6388A4192B877E900043DFC8 /* ContentView.swift */; };
		639978382B7249B400363B15 /* RecipesView.swift in Sources */ = {isa = PBXBuildFile; fileRef = 639978372B7249B400363B15 /* RecipesView.swift */; };
		63E83E262B6D555000290BEB /* Recipe.swift in Sources */ = {isa = PBXBuildFile; fileRef = 63E83E252B6D555000290BEB /* Recipe.swift */; };
/* End PBXBuildFile section */

/* Begin PBXContainerItemProxy section */
		6369168B2B5FC62000409F41 /* PBXContainerItemProxy */ = {
			isa = PBXContainerItemProxy;
			containerPortal = 636916722B5FC61C00409F41 /* Project object */;
			proxyType = 1;
			remoteGlobalIDString = 636916792B5FC61C00409F41;
			remoteInfo = Yummi;
		};
		636916952B5FC62000409F41 /* PBXContainerItemProxy */ = {
			isa = PBXContainerItemProxy;
			containerPortal = 636916722B5FC61C00409F41 /* Project object */;
			proxyType = 1;
			remoteGlobalIDString = 636916792B5FC61C00409F41;
			remoteInfo = Yummi;
		};
/* End PBXContainerItemProxy section */

/* Begin PBXFileReference section */
		633C33D52B6906F300FE9A52 /* Ingredient.swift */ = {isa = PBXFileReference; lastKnownFileType = sourcecode.swift; path = Ingredient.swift; sourceTree = "<group>"; };
		6364523B2B90B4460005B33C /* IngredientsViewModel.swift */ = {isa = PBXFileReference; lastKnownFileType = sourcecode.swift; path = IngredientsViewModel.swift; sourceTree = "<group>"; };
		6369167A2B5FC61C00409F41 /* Yummi.app */ = {isa = PBXFileReference; explicitFileType = wrapper.application; includeInIndex = 0; path = Yummi.app; sourceTree = BUILT_PRODUCTS_DIR; };
		6369167D2B5FC61C00409F41 /* YummiApp.swift */ = {isa = PBXFileReference; lastKnownFileType = sourcecode.swift; path = YummiApp.swift; sourceTree = "<group>"; };
		636916812B5FC62000409F41 /* Assets.xcassets */ = {isa = PBXFileReference; lastKnownFileType = folder.assetcatalog; path = Assets.xcassets; sourceTree = "<group>"; };
		636916842B5FC62000409F41 /* Preview Assets.xcassets */ = {isa = PBXFileReference; lastKnownFileType = folder.assetcatalog; path = "Preview Assets.xcassets"; sourceTree = "<group>"; };
		6369168A2B5FC62000409F41 /* YummiTests.xctest */ = {isa = PBXFileReference; explicitFileType = wrapper.cfbundle; includeInIndex = 0; path = YummiTests.xctest; sourceTree = BUILT_PRODUCTS_DIR; };
		6369168E2B5FC62000409F41 /* YummiTests.swift */ = {isa = PBXFileReference; lastKnownFileType = sourcecode.swift; path = YummiTests.swift; sourceTree = "<group>"; };
		636916942B5FC62000409F41 /* YummiUITests.xctest */ = {isa = PBXFileReference; explicitFileType = wrapper.cfbundle; includeInIndex = 0; path = YummiUITests.xctest; sourceTree = BUILT_PRODUCTS_DIR; };
		636916982B5FC62000409F41 /* YummiUITests.swift */ = {isa = PBXFileReference; lastKnownFileType = sourcecode.swift; path = YummiUITests.swift; sourceTree = "<group>"; };
		6369169A2B5FC62000409F41 /* YummiUITestsLaunchTests.swift */ = {isa = PBXFileReference; lastKnownFileType = sourcecode.swift; path = YummiUITestsLaunchTests.swift; sourceTree = "<group>"; };
		6388A4172B877E100043DFC8 /* IngredientsView.swift */ = {isa = PBXFileReference; lastKnownFileType = sourcecode.swift; path = IngredientsView.swift; sourceTree = "<group>"; };
		6388A4192B877E900043DFC8 /* ContentView.swift */ = {isa = PBXFileReference; lastKnownFileType = sourcecode.swift; path = ContentView.swift; sourceTree = "<group>"; };
		639978372B7249B400363B15 /* RecipesView.swift */ = {isa = PBXFileReference; lastKnownFileType = sourcecode.swift; path = RecipesView.swift; sourceTree = "<group>"; };
		63E83E252B6D555000290BEB /* Recipe.swift */ = {isa = PBXFileReference; lastKnownFileType = sourcecode.swift; path = Recipe.swift; sourceTree = "<group>"; };
/* End PBXFileReference section */

/* Begin PBXFrameworksBuildPhase section */
		636916772B5FC61C00409F41 /* Frameworks */ = {
			isa = PBXFrameworksBuildPhase;
			buildActionMask = 2147483647;
			files = (
			);
			runOnlyForDeploymentPostprocessing = 0;
		};
		636916872B5FC62000409F41 /* Frameworks */ = {
			isa = PBXFrameworksBuildPhase;
			buildActionMask = 2147483647;
			files = (
			);
			runOnlyForDeploymentPostprocessing = 0;
		};
		636916912B5FC62000409F41 /* Frameworks */ = {
			isa = PBXFrameworksBuildPhase;
			buildActionMask = 2147483647;
			files = (
			);
			runOnlyForDeploymentPostprocessing = 0;
		};
/* End PBXFrameworksBuildPhase section */

/* Begin PBXGroup section */
		6364523A2B90B4120005B33C /* ViewModel */ = {
			isa = PBXGroup;
			children = (
				6364523B2B90B4460005B33C /* IngredientsViewModel.swift */,
			);
			path = ViewModel;
			sourceTree = "<group>";
		};
		636916712B5FC61C00409F41 = {
			isa = PBXGroup;
			children = (
				636916812B5FC62000409F41 /* Assets.xcassets */,
				6369167C2B5FC61C00409F41 /* Yummi */,
				6369168D2B5FC62000409F41 /* YummiTests */,
				636916972B5FC62000409F41 /* YummiUITests */,
				6369167B2B5FC61C00409F41 /* Products */,
			);
			sourceTree = "<group>";
		};
		6369167B2B5FC61C00409F41 /* Products */ = {
			isa = PBXGroup;
			children = (
				6369167A2B5FC61C00409F41 /* Yummi.app */,
				6369168A2B5FC62000409F41 /* YummiTests.xctest */,
				636916942B5FC62000409F41 /* YummiUITests.xctest */,
			);
			name = Products;
			sourceTree = "<group>";
		};
		6369167C2B5FC61C00409F41 /* Yummi */ = {
			isa = PBXGroup;
			children = (
				6369167D2B5FC61C00409F41 /* YummiApp.swift */,
				6364523A2B90B4120005B33C /* ViewModel */,
				63E83E282B6D558300290BEB /* View */,
				63E83E272B6D557600290BEB /* Model */,
				636916832B5FC62000409F41 /* Preview Content */,
			);
			path = Yummi;
			sourceTree = "<group>";
		};
		636916832B5FC62000409F41 /* Preview Content */ = {
			isa = PBXGroup;
			children = (
				636916842B5FC62000409F41 /* Preview Assets.xcassets */,
			);
			path = "Preview Content";
			sourceTree = "<group>";
		};
		6369168D2B5FC62000409F41 /* YummiTests */ = {
			isa = PBXGroup;
			children = (
				6369168E2B5FC62000409F41 /* YummiTests.swift */,
			);
			path = YummiTests;
			sourceTree = "<group>";
		};
		636916972B5FC62000409F41 /* YummiUITests */ = {
			isa = PBXGroup;
			children = (
				636916982B5FC62000409F41 /* YummiUITests.swift */,
				6369169A2B5FC62000409F41 /* YummiUITestsLaunchTests.swift */,
			);
			path = YummiUITests;
			sourceTree = "<group>";
		};
		63E83E272B6D557600290BEB /* Model */ = {
			isa = PBXGroup;
			children = (
				633C33D52B6906F300FE9A52 /* Ingredient.swift */,
				63E83E252B6D555000290BEB /* Recipe.swift */,
			);
			path = Model;
			sourceTree = "<group>";
		};
		63E83E282B6D558300290BEB /* View */ = {
			isa = PBXGroup;
			children = (
				6388A4192B877E900043DFC8 /* ContentView.swift */,
				639978372B7249B400363B15 /* RecipesView.swift */,
				6388A4172B877E100043DFC8 /* IngredientsView.swift */,
			);
			path = View;
			sourceTree = "<group>";
		};
/* End PBXGroup section */

/* Begin PBXNativeTarget section */
		636916792B5FC61C00409F41 /* Yummi */ = {
			isa = PBXNativeTarget;
			buildConfigurationList = 6369169E2B5FC62000409F41 /* Build configuration list for PBXNativeTarget "Yummi" */;
			buildPhases = (
				636916762B5FC61C00409F41 /* Sources */,
				636916772B5FC61C00409F41 /* Frameworks */,
				636916782B5FC61C00409F41 /* Resources */,
			);
			buildRules = (
			);
			dependencies = (
			);
			name = Yummi;
			productName = Yummi;
			productReference = 6369167A2B5FC61C00409F41 /* Yummi.app */;
			productType = "com.apple.product-type.application";
		};
		636916892B5FC62000409F41 /* YummiTests */ = {
			isa = PBXNativeTarget;
			buildConfigurationList = 636916A12B5FC62000409F41 /* Build configuration list for PBXNativeTarget "YummiTests" */;
			buildPhases = (
				636916862B5FC62000409F41 /* Sources */,
				636916872B5FC62000409F41 /* Frameworks */,
				636916882B5FC62000409F41 /* Resources */,
			);
			buildRules = (
			);
			dependencies = (
				6369168C2B5FC62000409F41 /* PBXTargetDependency */,
			);
			name = YummiTests;
			productName = YummiTests;
			productReference = 6369168A2B5FC62000409F41 /* YummiTests.xctest */;
			productType = "com.apple.product-type.bundle.unit-test";
		};
		636916932B5FC62000409F41 /* YummiUITests */ = {
			isa = PBXNativeTarget;
			buildConfigurationList = 636916A42B5FC62000409F41 /* Build configuration list for PBXNativeTarget "YummiUITests" */;
			buildPhases = (
				636916902B5FC62000409F41 /* Sources */,
				636916912B5FC62000409F41 /* Frameworks */,
				636916922B5FC62000409F41 /* Resources */,
			);
			buildRules = (
			);
			dependencies = (
				636916962B5FC62000409F41 /* PBXTargetDependency */,
			);
			name = YummiUITests;
			productName = YummiUITests;
			productReference = 636916942B5FC62000409F41 /* YummiUITests.xctest */;
			productType = "com.apple.product-type.bundle.ui-testing";
		};
/* End PBXNativeTarget section */

/* Begin PBXProject section */
		636916722B5FC61C00409F41 /* Project object */ = {
			isa = PBXProject;
			attributes = {
				BuildIndependentTargetsInParallel = 1;
				LastSwiftUpdateCheck = 1520;
				LastUpgradeCheck = 1520;
				TargetAttributes = {
					636916792B5FC61C00409F41 = {
						CreatedOnToolsVersion = 15.2;
					};
					636916892B5FC62000409F41 = {
						CreatedOnToolsVersion = 15.2;
						TestTargetID = 636916792B5FC61C00409F41;
					};
					636916932B5FC62000409F41 = {
						CreatedOnToolsVersion = 15.2;
						TestTargetID = 636916792B5FC61C00409F41;
					};
				};
			};
			buildConfigurationList = 636916752B5FC61C00409F41 /* Build configuration list for PBXProject "Yummi" */;
			compatibilityVersion = "Xcode 14.0";
			developmentRegion = en;
			hasScannedForEncodings = 0;
			knownRegions = (
				en,
				Base,
			);
			mainGroup = 636916712B5FC61C00409F41;
			productRefGroup = 6369167B2B5FC61C00409F41 /* Products */;
			projectDirPath = "";
			projectRoot = "";
			targets = (
				636916792B5FC61C00409F41 /* Yummi */,
				636916892B5FC62000409F41 /* YummiTests */,
				636916932B5FC62000409F41 /* YummiUITests */,
			);
		};
/* End PBXProject section */

/* Begin PBXResourcesBuildPhase section */
		636916782B5FC61C00409F41 /* Resources */ = {
			isa = PBXResourcesBuildPhase;
			buildActionMask = 2147483647;
			files = (
				636916852B5FC62000409F41 /* Preview Assets.xcassets in Resources */,
				636916822B5FC62000409F41 /* Assets.xcassets in Resources */,
			);
			runOnlyForDeploymentPostprocessing = 0;
		};
		636916882B5FC62000409F41 /* Resources */ = {
			isa = PBXResourcesBuildPhase;
			buildActionMask = 2147483647;
			files = (
			);
			runOnlyForDeploymentPostprocessing = 0;
		};
		636916922B5FC62000409F41 /* Resources */ = {
			isa = PBXResourcesBuildPhase;
			buildActionMask = 2147483647;
			files = (
			);
			runOnlyForDeploymentPostprocessing = 0;
		};
/* End PBXResourcesBuildPhase section */

/* Begin PBXSourcesBuildPhase section */
		636916762B5FC61C00409F41 /* Sources */ = {
			isa = PBXSourcesBuildPhase;
			buildActionMask = 2147483647;
			files = (
				633C33D62B6906F300FE9A52 /* Ingredient.swift in Sources */,
				6388A4182B877E110043DFC8 /* IngredientsView.swift in Sources */,
				6388A41A2B877E900043DFC8 /* ContentView.swift in Sources */,
				6364523C2B90B4460005B33C /* IngredientsViewModel.swift in Sources */,
				639978382B7249B400363B15 /* RecipesView.swift in Sources */,
				6369167E2B5FC61C00409F41 /* YummiApp.swift in Sources */,
				63E83E262B6D555000290BEB /* Recipe.swift in Sources */,
			);
			runOnlyForDeploymentPostprocessing = 0;
		};
		636916862B5FC62000409F41 /* Sources */ = {
			isa = PBXSourcesBuildPhase;
			buildActionMask = 2147483647;
			files = (
				6369168F2B5FC62000409F41 /* YummiTests.swift in Sources */,
			);
			runOnlyForDeploymentPostprocessing = 0;
		};
		636916902B5FC62000409F41 /* Sources */ = {
			isa = PBXSourcesBuildPhase;
			buildActionMask = 2147483647;
			files = (
				6369169B2B5FC62000409F41 /* YummiUITestsLaunchTests.swift in Sources */,
				636916992B5FC62000409F41 /* YummiUITests.swift in Sources */,
			);
			runOnlyForDeploymentPostprocessing = 0;
		};
/* End PBXSourcesBuildPhase section */

/* Begin PBXTargetDependency section */
		6369168C2B5FC62000409F41 /* PBXTargetDependency */ = {
			isa = PBXTargetDependency;
			target = 636916792B5FC61C00409F41 /* Yummi */;
			targetProxy = 6369168B2B5FC62000409F41 /* PBXContainerItemProxy */;
		};
		636916962B5FC62000409F41 /* PBXTargetDependency */ = {
			isa = PBXTargetDependency;
			target = 636916792B5FC61C00409F41 /* Yummi */;
			targetProxy = 636916952B5FC62000409F41 /* PBXContainerItemProxy */;
		};
/* End PBXTargetDependency section */

/* Begin XCBuildConfiguration section */
		6369169C2B5FC62000409F41 /* Debug */ = {
			isa = XCBuildConfiguration;
			buildSettings = {
				ALWAYS_SEARCH_USER_PATHS = NO;
				ASSETCATALOG_COMPILER_GENERATE_SWIFT_ASSET_SYMBOL_EXTENSIONS = YES;
				CLANG_ANALYZER_NONNULL = YES;
				CLANG_ANALYZER_NUMBER_OBJECT_CONVERSION = YES_AGGRESSIVE;
				CLANG_CXX_LANGUAGE_STANDARD = "gnu++20";
				CLANG_ENABLE_MODULES = YES;
				CLANG_ENABLE_OBJC_ARC = YES;
				CLANG_ENABLE_OBJC_WEAK = YES;
				CLANG_WARN_BLOCK_CAPTURE_AUTORELEASING = YES;
				CLANG_WARN_BOOL_CONVERSION = YES;
				CLANG_WARN_COMMA = YES;
				CLANG_WARN_CONSTANT_CONVERSION = YES;
				CLANG_WARN_DEPRECATED_OBJC_IMPLEMENTATIONS = YES;
				CLANG_WARN_DIRECT_OBJC_ISA_USAGE = YES_ERROR;
				CLANG_WARN_DOCUMENTATION_COMMENTS = YES;
				CLANG_WARN_EMPTY_BODY = YES;
				CLANG_WARN_ENUM_CONVERSION = YES;
				CLANG_WARN_INFINITE_RECURSION = YES;
				CLANG_WARN_INT_CONVERSION = YES;
				CLANG_WARN_NON_LITERAL_NULL_CONVERSION = YES;
				CLANG_WARN_OBJC_IMPLICIT_RETAIN_SELF = YES;
				CLANG_WARN_OBJC_LITERAL_CONVERSION = YES;
				CLANG_WARN_OBJC_ROOT_CLASS = YES_ERROR;
				CLANG_WARN_QUOTED_INCLUDE_IN_FRAMEWORK_HEADER = YES;
				CLANG_WARN_RANGE_LOOP_ANALYSIS = YES;
				CLANG_WARN_STRICT_PROTOTYPES = YES;
				CLANG_WARN_SUSPICIOUS_MOVE = YES;
				CLANG_WARN_UNGUARDED_AVAILABILITY = YES_AGGRESSIVE;
				CLANG_WARN_UNREACHABLE_CODE = YES;
				CLANG_WARN__DUPLICATE_METHOD_MATCH = YES;
				COPY_PHASE_STRIP = NO;
				DEBUG_INFORMATION_FORMAT = dwarf;
				ENABLE_STRICT_OBJC_MSGSEND = YES;
				ENABLE_TESTABILITY = YES;
				ENABLE_USER_SCRIPT_SANDBOXING = YES;
				GCC_C_LANGUAGE_STANDARD = gnu17;
				GCC_DYNAMIC_NO_PIC = NO;
				GCC_NO_COMMON_BLOCKS = YES;
				GCC_OPTIMIZATION_LEVEL = 0;
				GCC_PREPROCESSOR_DEFINITIONS = (
					"DEBUG=1",
					"$(inherited)",
				);
				GCC_WARN_64_TO_32_BIT_CONVERSION = YES;
				GCC_WARN_ABOUT_RETURN_TYPE = YES_ERROR;
				GCC_WARN_UNDECLARED_SELECTOR = YES;
				GCC_WARN_UNINITIALIZED_AUTOS = YES_AGGRESSIVE;
				GCC_WARN_UNUSED_FUNCTION = YES;
				GCC_WARN_UNUSED_VARIABLE = YES;
				IPHONEOS_DEPLOYMENT_TARGET = 17.2;
				LOCALIZATION_PREFERS_STRING_CATALOGS = YES;
				MTL_ENABLE_DEBUG_INFO = INCLUDE_SOURCE;
				MTL_FAST_MATH = YES;
				ONLY_ACTIVE_ARCH = YES;
				SDKROOT = iphoneos;
				SWIFT_ACTIVE_COMPILATION_CONDITIONS = "DEBUG $(inherited)";
				SWIFT_OPTIMIZATION_LEVEL = "-Onone";
			};
			name = Debug;
		};
		6369169D2B5FC62000409F41 /* Release */ = {
			isa = XCBuildConfiguration;
			buildSettings = {
				ALWAYS_SEARCH_USER_PATHS = NO;
				ASSETCATALOG_COMPILER_GENERATE_SWIFT_ASSET_SYMBOL_EXTENSIONS = YES;
				CLANG_ANALYZER_NONNULL = YES;
				CLANG_ANALYZER_NUMBER_OBJECT_CONVERSION = YES_AGGRESSIVE;
				CLANG_CXX_LANGUAGE_STANDARD = "gnu++20";
				CLANG_ENABLE_MODULES = YES;
				CLANG_ENABLE_OBJC_ARC = YES;
				CLANG_ENABLE_OBJC_WEAK = YES;
				CLANG_WARN_BLOCK_CAPTURE_AUTORELEASING = YES;
				CLANG_WARN_BOOL_CONVERSION = YES;
				CLANG_WARN_COMMA = YES;
				CLANG_WARN_CONSTANT_CONVERSION = YES;
				CLANG_WARN_DEPRECATED_OBJC_IMPLEMENTATIONS = YES;
				CLANG_WARN_DIRECT_OBJC_ISA_USAGE = YES_ERROR;
				CLANG_WARN_DOCUMENTATION_COMMENTS = YES;
				CLANG_WARN_EMPTY_BODY = YES;
				CLANG_WARN_ENUM_CONVERSION = YES;
				CLANG_WARN_INFINITE_RECURSION = YES;
				CLANG_WARN_INT_CONVERSION = YES;
				CLANG_WARN_NON_LITERAL_NULL_CONVERSION = YES;
				CLANG_WARN_OBJC_IMPLICIT_RETAIN_SELF = YES;
				CLANG_WARN_OBJC_LITERAL_CONVERSION = YES;
				CLANG_WARN_OBJC_ROOT_CLASS = YES_ERROR;
				CLANG_WARN_QUOTED_INCLUDE_IN_FRAMEWORK_HEADER = YES;
				CLANG_WARN_RANGE_LOOP_ANALYSIS = YES;
				CLANG_WARN_STRICT_PROTOTYPES = YES;
				CLANG_WARN_SUSPICIOUS_MOVE = YES;
				CLANG_WARN_UNGUARDED_AVAILABILITY = YES_AGGRESSIVE;
				CLANG_WARN_UNREACHABLE_CODE = YES;
				CLANG_WARN__DUPLICATE_METHOD_MATCH = YES;
				COPY_PHASE_STRIP = NO;
				DEBUG_INFORMATION_FORMAT = "dwarf-with-dsym";
				ENABLE_NS_ASSERTIONS = NO;
				ENABLE_STRICT_OBJC_MSGSEND = YES;
				ENABLE_USER_SCRIPT_SANDBOXING = YES;
				GCC_C_LANGUAGE_STANDARD = gnu17;
				GCC_NO_COMMON_BLOCKS = YES;
				GCC_WARN_64_TO_32_BIT_CONVERSION = YES;
				GCC_WARN_ABOUT_RETURN_TYPE = YES_ERROR;
				GCC_WARN_UNDECLARED_SELECTOR = YES;
				GCC_WARN_UNINITIALIZED_AUTOS = YES_AGGRESSIVE;
				GCC_WARN_UNUSED_FUNCTION = YES;
				GCC_WARN_UNUSED_VARIABLE = YES;
				IPHONEOS_DEPLOYMENT_TARGET = 17.2;
				LOCALIZATION_PREFERS_STRING_CATALOGS = YES;
				MTL_ENABLE_DEBUG_INFO = NO;
				MTL_FAST_MATH = YES;
				SDKROOT = iphoneos;
				SWIFT_COMPILATION_MODE = wholemodule;
				VALIDATE_PRODUCT = YES;
			};
			name = Release;
		};
		6369169F2B5FC62000409F41 /* Debug */ = {
			isa = XCBuildConfiguration;
			buildSettings = {
				ASSETCATALOG_COMPILER_APPICON_NAME = AppIcon;
				ASSETCATALOG_COMPILER_GLOBAL_ACCENT_COLOR_NAME = AccentColor;
				CODE_SIGN_STYLE = Automatic;
				CURRENT_PROJECT_VERSION = 1;
				DEVELOPMENT_ASSET_PATHS = "\"Yummi/Preview Content\"";
				ENABLE_PREVIEWS = YES;
				GENERATE_INFOPLIST_FILE = YES;
				INFOPLIST_KEY_UIApplicationSceneManifest_Generation = YES;
				INFOPLIST_KEY_UIApplicationSupportsIndirectInputEvents = YES;
				INFOPLIST_KEY_UILaunchScreen_Generation = YES;
				INFOPLIST_KEY_UISupportedInterfaceOrientations_iPad = "UIInterfaceOrientationPortrait UIInterfaceOrientationPortraitUpsideDown UIInterfaceOrientationLandscapeLeft UIInterfaceOrientationLandscapeRight";
				INFOPLIST_KEY_UISupportedInterfaceOrientations_iPhone = "UIInterfaceOrientationPortrait UIInterfaceOrientationLandscapeLeft UIInterfaceOrientationLandscapeRight";
				LD_RUNPATH_SEARCH_PATHS = (
					"$(inherited)",
					"@executable_path/Frameworks",
				);
				MARKETING_VERSION = 1.0;
				PRODUCT_BUNDLE_IDENTIFIER = com.YuvrajPatkar.Yummi;
				PRODUCT_NAME = "$(TARGET_NAME)";
				SWIFT_EMIT_LOC_STRINGS = YES;
				SWIFT_VERSION = 5.0;
				TARGETED_DEVICE_FAMILY = "1,2";
			};
			name = Debug;
		};
		636916A02B5FC62000409F41 /* Release */ = {
			isa = XCBuildConfiguration;
			buildSettings = {
				ASSETCATALOG_COMPILER_APPICON_NAME = AppIcon;
				ASSETCATALOG_COMPILER_GLOBAL_ACCENT_COLOR_NAME = AccentColor;
				CODE_SIGN_STYLE = Automatic;
				CURRENT_PROJECT_VERSION = 1;
				DEVELOPMENT_ASSET_PATHS = "\"Yummi/Preview Content\"";
				ENABLE_PREVIEWS = YES;
				GENERATE_INFOPLIST_FILE = YES;
				INFOPLIST_KEY_UIApplicationSceneManifest_Generation = YES;
				INFOPLIST_KEY_UIApplicationSupportsIndirectInputEvents = YES;
				INFOPLIST_KEY_UILaunchScreen_Generation = YES;
				INFOPLIST_KEY_UISupportedInterfaceOrientations_iPad = "UIInterfaceOrientationPortrait UIInterfaceOrientationPortraitUpsideDown UIInterfaceOrientationLandscapeLeft UIInterfaceOrientationLandscapeRight";
				INFOPLIST_KEY_UISupportedInterfaceOrientations_iPhone = "UIInterfaceOrientationPortrait UIInterfaceOrientationLandscapeLeft UIInterfaceOrientationLandscapeRight";
				LD_RUNPATH_SEARCH_PATHS = (
					"$(inherited)",
					"@executable_path/Frameworks",
				);
				MARKETING_VERSION = 1.0;
				PRODUCT_BUNDLE_IDENTIFIER = com.YuvrajPatkar.Yummi;
				PRODUCT_NAME = "$(TARGET_NAME)";
				SWIFT_EMIT_LOC_STRINGS = YES;
				SWIFT_VERSION = 5.0;
				TARGETED_DEVICE_FAMILY = "1,2";
			};
			name = Release;
		};
		636916A22B5FC62000409F41 /* Debug */ = {
			isa = XCBuildConfiguration;
			buildSettings = {
				ALWAYS_EMBED_SWIFT_STANDARD_LIBRARIES = YES;
				BUNDLE_LOADER = "$(TEST_HOST)";
				CODE_SIGN_STYLE = Automatic;
				CURRENT_PROJECT_VERSION = 1;
				GENERATE_INFOPLIST_FILE = YES;
				IPHONEOS_DEPLOYMENT_TARGET = 17.2;
				MARKETING_VERSION = 1.0;
				PRODUCT_BUNDLE_IDENTIFIER = com.YuvrajPatkar.YummiTests;
				PRODUCT_NAME = "$(TARGET_NAME)";
				SWIFT_EMIT_LOC_STRINGS = NO;
				SWIFT_VERSION = 5.0;
				TARGETED_DEVICE_FAMILY = "1,2";
				TEST_HOST = "$(BUILT_PRODUCTS_DIR)/Yummi.app/$(BUNDLE_EXECUTABLE_FOLDER_PATH)/Yummi";
			};
			name = Debug;
		};
		636916A32B5FC62000409F41 /* Release */ = {
			isa = XCBuildConfiguration;
			buildSettings = {
				ALWAYS_EMBED_SWIFT_STANDARD_LIBRARIES = YES;
				BUNDLE_LOADER = "$(TEST_HOST)";
				CODE_SIGN_STYLE = Automatic;
				CURRENT_PROJECT_VERSION = 1;
				GENERATE_INFOPLIST_FILE = YES;
				IPHONEOS_DEPLOYMENT_TARGET = 17.2;
				MARKETING_VERSION = 1.0;
				PRODUCT_BUNDLE_IDENTIFIER = com.YuvrajPatkar.YummiTests;
				PRODUCT_NAME = "$(TARGET_NAME)";
				SWIFT_EMIT_LOC_STRINGS = NO;
				SWIFT_VERSION = 5.0;
				TARGETED_DEVICE_FAMILY = "1,2";
				TEST_HOST = "$(BUILT_PRODUCTS_DIR)/Yummi.app/$(BUNDLE_EXECUTABLE_FOLDER_PATH)/Yummi";
			};
			name = Release;
		};
		636916A52B5FC62000409F41 /* Debug */ = {
			isa = XCBuildConfiguration;
			buildSettings = {
				ALWAYS_EMBED_SWIFT_STANDARD_LIBRARIES = YES;
				CODE_SIGN_STYLE = Automatic;
				CURRENT_PROJECT_VERSION = 1;
				GENERATE_INFOPLIST_FILE = YES;
				MARKETING_VERSION = 1.0;
				PRODUCT_BUNDLE_IDENTIFIER = com.YuvrajPatkar.YummiUITests;
				PRODUCT_NAME = "$(TARGET_NAME)";
				SWIFT_EMIT_LOC_STRINGS = NO;
				SWIFT_VERSION = 5.0;
				TARGETED_DEVICE_FAMILY = "1,2";
				TEST_TARGET_NAME = Yummi;
			};
			name = Debug;
		};
		636916A62B5FC62000409F41 /* Release */ = {
			isa = XCBuildConfiguration;
			buildSettings = {
				ALWAYS_EMBED_SWIFT_STANDARD_LIBRARIES = YES;
				CODE_SIGN_STYLE = Automatic;
				CURRENT_PROJECT_VERSION = 1;
				GENERATE_INFOPLIST_FILE = YES;
				MARKETING_VERSION = 1.0;
				PRODUCT_BUNDLE_IDENTIFIER = com.YuvrajPatkar.YummiUITests;
				PRODUCT_NAME = "$(TARGET_NAME)";
				SWIFT_EMIT_LOC_STRINGS = NO;
				SWIFT_VERSION = 5.0;
				TARGETED_DEVICE_FAMILY = "1,2";
				TEST_TARGET_NAME = Yummi;
			};
			name = Release;
		};
/* End XCBuildConfiguration section */

/* Begin XCConfigurationList section */
		636916752B5FC61C00409F41 /* Build configuration list for PBXProject "Yummi" */ = {
			isa = XCConfigurationList;
			buildConfigurations = (
				6369169C2B5FC62000409F41 /* Debug */,
				6369169D2B5FC62000409F41 /* Release */,
			);
			defaultConfigurationIsVisible = 0;
			defaultConfigurationName = Release;
		};
		6369169E2B5FC62000409F41 /* Build configuration list for PBXNativeTarget "Yummi" */ = {
			isa = XCConfigurationList;
			buildConfigurations = (
				6369169F2B5FC62000409F41 /* Debug */,
				636916A02B5FC62000409F41 /* Release */,
			);
			defaultConfigurationIsVisible = 0;
			defaultConfigurationName = Release;
		};
		636916A12B5FC62000409F41 /* Build configuration list for PBXNativeTarget "YummiTests" */ = {
			isa = XCConfigurationList;
			buildConfigurations = (
				636916A22B5FC62000409F41 /* Debug */,
				636916A32B5FC62000409F41 /* Release */,
			);
			defaultConfigurationIsVisible = 0;
			defaultConfigurationName = Release;
		};
		636916A42B5FC62000409F41 /* Build configuration list for PBXNativeTarget "YummiUITests" */ = {
			isa = XCConfigurationList;
			buildConfigurations = (
				636916A52B5FC62000409F41 /* Debug */,
				636916A62B5FC62000409F41 /* Release */,
			);
			defaultConfigurationIsVisible = 0;
			defaultConfigurationName = Release;
		};
/* End XCConfigurationList section */
	};
	rootObject = 636916722B5FC61C00409F41 /* Project object */;
}
